
Microsoft Visual Studio Solution File, Format Version 12.00
# Visual Studio Version 17
VisualStudioVersion = 17.7.34018.315
MinimumVisualStudioVersion = 10.0.40219.1
Project("{9A19103F-16F7-4668-BE54-9A1E7A4F7556}") = "MovieService", "MovieService\MovieService.csproj", "{FCD49F24-6861-45A8-93AC-DC1DD27192C9}"
EndProject
Project("{9A19103F-16F7-4668-BE54-9A1E7A4F7556}") = "MovieEntity", "MovieEntity\MovieEntity.csproj", "{619DC061-22F8-4860-897F-1C1ED85A9B02}"
EndProject
Global
	GlobalSection(SolutionConfigurationPlatforms) = preSolution
		Debug|Any CPU = Debug|Any CPU
		Release|Any CPU = Release|Any CPU
	EndGlobalSection
	GlobalSection(ProjectConfigurationPlatforms) = postSolution
		{FCD49F24-6861-45A8-93AC-DC1DD27192C9}.Debug|Any CPU.ActiveCfg = Debug|Any CPU
		{FCD49F24-6861-45A8-93AC-DC1DD27192C9}.Debug|Any CPU.Build.0 = Debug|Any CPU
		{FCD49F24-6861-45A8-93AC-DC1DD27192C9}.Release|Any CPU.ActiveCfg = Release|Any CPU
		{FCD49F24-6861-45A8-93AC-DC1DD27192C9}.Release|Any CPU.Build.0 = Release|Any CPU
		{619DC061-22F8-4860-897F-1C1ED85A9B02}.Debug|Any CPU.ActiveCfg = Debug|Any CPU
		{619DC061-22F8-4860-897F-1C1ED85A9B02}.Debug|Any CPU.Build.0 = Debug|Any CPU
		{619DC061-22F8-4860-897F-1C1ED85A9B02}.Release|Any CPU.ActiveCfg = Release|Any CPU
		{619DC061-22F8-4860-897F-1C1ED85A9B02}.Release|Any CPU.Build.0 = Release|Any CPU
	EndGlobalSection
	GlobalSection(SolutionProperties) = preSolution
		HideSolutionNode = FALSE
	EndGlobalSection
	GlobalSection(ExtensibilityGlobals) = postSolution
		SolutionGuid = {6425AD9F-6932-42A0-9F44-F00EE4EB8B85}
	EndGlobalSection
EndGlobal
